
Microsoft Visual Studio Solution File, Format Version 12.00
# Visual Studio 2012
Project("{FAE04EC0-301F-11D3-BF4B-00C04F79EFBC}") = "DevPioneers", "DevPioneers\DevPioneers.csproj", "{56C9A592-6D85-4978-AD2A-31C5D2BD453F}"
EndProject
Project("{FAE04EC0-301F-11D3-BF4B-00C04F79EFBC}") = "DevPioneers.Tests", "DevPioneers.Tests\DevPioneers.Tests.csproj", "{FAA1EA16-BA4D-4EF6-AAAA-EA7C06EE58A9}"
EndProject
Global
	GlobalSection(SolutionConfigurationPlatforms) = preSolution
		Debug|Any CPU = Debug|Any CPU
		Release|Any CPU = Release|Any CPU
	EndGlobalSection
	GlobalSection(ProjectConfigurationPlatforms) = postSolution
		{56C9A592-6D85-4978-AD2A-31C5D2BD453F}.Debug|Any CPU.ActiveCfg = Debug|Any CPU
		{56C9A592-6D85-4978-AD2A-31C5D2BD453F}.Debug|Any CPU.Build.0 = Debug|Any CPU
		{56C9A592-6D85-4978-AD2A-31C5D2BD453F}.Release|Any CPU.ActiveCfg = Release|Any CPU
		{56C9A592-6D85-4978-AD2A-31C5D2BD453F}.Release|Any CPU.Build.0 = Release|Any CPU
		{FAA1EA16-BA4D-4EF6-AAAA-EA7C06EE58A9}.Debug|Any CPU.ActiveCfg = Debug|Any CPU
		{FAA1EA16-BA4D-4EF6-AAAA-EA7C06EE58A9}.Debug|Any CPU.Build.0 = Debug|Any CPU
		{FAA1EA16-BA4D-4EF6-AAAA-EA7C06EE58A9}.Release|Any CPU.ActiveCfg = Release|Any CPU
		{FAA1EA16-BA4D-4EF6-AAAA-EA7C06EE58A9}.Release|Any CPU.Build.0 = Release|Any CPU
	EndGlobalSection
	GlobalSection(SolutionProperties) = preSolution
		HideSolutionNode = FALSE
	EndGlobalSection
EndGlobal
